// !$*UTF8*$!
{
	archiveVersion = 1;
	classes = {
	};
	objectVersion = 46;
	objects = {

/* Begin PBXBuildFile section */
		9406D78519B0D03000CD93DC /* diana.png in Resources */ = {isa = PBXBuildFile; fileRef = 9406D78419B0D03000CD93DC /* diana.png */; };
		9406D78819B0F41900CD93DC /* NMSalvarPicoViewController.m in Sources */ = {isa = PBXBuildFile; fileRef = 9406D78719B0F41900CD93DC /* NMSalvarPicoViewController.m */; };
		9430128619C1126400AB8751 /* NMRutaPicoViewController.m in Sources */ = {isa = PBXBuildFile; fileRef = 9430128519C1126400AB8751 /* NMRutaPicoViewController.m */; };
		944711C819B503BF00836B7D /* NMCondicionPageContentViewController.m in Sources */ = {isa = PBXBuildFile; fileRef = 944711C719B503BF00836B7D /* NMCondicionPageContentViewController.m */; };
		944711CB19B503F600836B7D /* NMCondicionPicoViewController.m in Sources */ = {isa = PBXBuildFile; fileRef = 944711CA19B503F600836B7D /* NMCondicionPicoViewController.m */; };
		944BCA7919B7E5540088D061 /* Pico.m in Sources */ = {isa = PBXBuildFile; fileRef = 944BCA7819B7E5540088D061 /* Pico.m */; };
		94507D0019AF6F2400BB0944 /* MapKit.framework in Frameworks */ = {isa = PBXBuildFile; fileRef = 94507CFF19AF6F2400BB0944 /* MapKit.framework */; };
		945842F619AF87230034E2B5 /* CoreLocation.framework in Frameworks */ = {isa = PBXBuildFile; fileRef = 945842F519AF87230034E2B5 /* CoreLocation.framework */; };
		9458433E19AF97620034E2B5 /* NMLocalizarPicoViewController.m in Sources */ = {isa = PBXBuildFile; fileRef = 9458433D19AF97620034E2B5 /* NMLocalizarPicoViewController.m */; };
		9465859C19BE5C460075E779 /* NMListaFechasPicoViewController.m in Sources */ = {isa = PBXBuildFile; fileRef = 9465859B19BE5C460075E779 /* NMListaFechasPicoViewController.m */; };
		9466873719B120800069FF18 /* beach.png in Resources */ = {isa = PBXBuildFile; fileRef = 9466873619B120800069FF18 /* beach.png */; };
		9466873919B120F90069FF18 /* cardir.png in Resources */ = {isa = PBXBuildFile; fileRef = 9466873819B120F90069FF18 /* cardir.png */; };
		9466873B19B121610069FF18 /* icon_share_phone.png in Resources */ = {isa = PBXBuildFile; fileRef = 9466873A19B121610069FF18 /* icon_share_phone.png */; };
		948F92AB19BD2B84002D8527 /* WorldWeather.plist in Resources */ = {isa = PBXBuildFile; fileRef = 948F92AA19BD2B84002D8527 /* WorldWeather.plist */; };
		949EDA5D19AD506F00F4955B /* Foundation.framework in Frameworks */ = {isa = PBXBuildFile; fileRef = 949EDA5C19AD506F00F4955B /* Foundation.framework */; };
		949EDA5F19AD506F00F4955B /* CoreGraphics.framework in Frameworks */ = {isa = PBXBuildFile; fileRef = 949EDA5E19AD506F00F4955B /* CoreGraphics.framework */; };
		949EDA6119AD506F00F4955B /* UIKit.framework in Frameworks */ = {isa = PBXBuildFile; fileRef = 949EDA6019AD506F00F4955B /* UIKit.framework */; };
		949EDA6319AD506F00F4955B /* CoreData.framework in Frameworks */ = {isa = PBXBuildFile; fileRef = 949EDA6219AD506F00F4955B /* CoreData.framework */; };
		949EDA6919AD507000F4955B /* InfoPlist.strings in Resources */ = {isa = PBXBuildFile; fileRef = 949EDA6719AD507000F4955B /* InfoPlist.strings */; };
		949EDA6B19AD507000F4955B /* main.m in Sources */ = {isa = PBXBuildFile; fileRef = 949EDA6A19AD507000F4955B /* main.m */; };
		949EDA6F19AD507000F4955B /* NMAppDelegate.m in Sources */ = {isa = PBXBuildFile; fileRef = 949EDA6E19AD507000F4955B /* NMAppDelegate.m */; };
		949EDA7219AD507000F4955B /* CharruaSurfReport.xcdatamodeld in Sources */ = {isa = PBXBuildFile; fileRef = 949EDA7019AD507000F4955B /* CharruaSurfReport.xcdatamodeld */; };
		949EDA7419AD507000F4955B /* Images.xcassets in Resources */ = {isa = PBXBuildFile; fileRef = 949EDA7319AD507000F4955B /* Images.xcassets */; };
		949EDA7B19AD507000F4955B /* XCTest.framework in Frameworks */ = {isa = PBXBuildFile; fileRef = 949EDA7A19AD507000F4955B /* XCTest.framework */; };
		949EDA7C19AD507000F4955B /* Foundation.framework in Frameworks */ = {isa = PBXBuildFile; fileRef = 949EDA5C19AD506F00F4955B /* Foundation.framework */; };
		949EDA7D19AD507000F4955B /* UIKit.framework in Frameworks */ = {isa = PBXBuildFile; fileRef = 949EDA6019AD506F00F4955B /* UIKit.framework */; };
		949EDA7E19AD507000F4955B /* CoreData.framework in Frameworks */ = {isa = PBXBuildFile; fileRef = 949EDA6219AD506F00F4955B /* CoreData.framework */; };
		949EDA8619AD507000F4955B /* InfoPlist.strings in Resources */ = {isa = PBXBuildFile; fileRef = 949EDA8419AD507000F4955B /* InfoPlist.strings */; };
		949EDA8819AD507000F4955B /* CharruaSurfReportTests.m in Sources */ = {isa = PBXBuildFile; fileRef = 949EDA8719AD507000F4955B /* CharruaSurfReportTests.m */; };
		949EDA9219AD509C00F4955B /* Main.storyboard in Resources */ = {isa = PBXBuildFile; fileRef = 949EDA9119AD509C00F4955B /* Main.storyboard */; };
		94B1265619C0EA44006A86F5 /* NMLocalizarListaPicosTableViewController.m in Sources */ = {isa = PBXBuildFile; fileRef = 94B1265519C0EA44006A86F5 /* NMLocalizarListaPicosTableViewController.m */; };
		94BBE95719C1D0D000145406 /* NMPasosRutaPicoTableViewController.m in Sources */ = {isa = PBXBuildFile; fileRef = 94BBE95619C1D0D000145406 /* NMPasosRutaPicoTableViewController.m */; };
		94C857C119C1EED600DB3CC2 /* NMDetallePasoViewController.m in Sources */ = {isa = PBXBuildFile; fileRef = 94C857C019C1EED600DB3CC2 /* NMDetallePasoViewController.m */; };
		94DE699619AE7606008C2F41 /* NMPicosListaTableViewController.m in Sources */ = {isa = PBXBuildFile; fileRef = 94DE699519AE7606008C2F41 /* NMPicosListaTableViewController.m */; };
/* End PBXBuildFile section */

/* Begin PBXContainerItemProxy section */
		949EDA7F19AD507000F4955B /* PBXContainerItemProxy */ = {
			isa = PBXContainerItemProxy;
			containerPortal = 949EDA5119AD506F00F4955B /* Project object */;
			proxyType = 1;
			remoteGlobalIDString = 949EDA5819AD506F00F4955B;
			remoteInfo = CharruaSurfReport;
		};
/* End PBXContainerItemProxy section */

/* Begin PBXFileReference section */
		9406D78419B0D03000CD93DC /* diana.png */ = {isa = PBXFileReference; lastKnownFileType = image.png; name = diana.png; path = ../../diana.png; sourceTree = "<group>"; };
		9406D78619B0F41900CD93DC /* NMSalvarPicoViewController.h */ = {isa = PBXFileReference; fileEncoding = 4; lastKnownFileType = sourcecode.c.h; path = NMSalvarPicoViewController.h; sourceTree = "<group>"; };
		9406D78719B0F41900CD93DC /* NMSalvarPicoViewController.m */ = {isa = PBXFileReference; fileEncoding = 4; lastKnownFileType = sourcecode.c.objc; path = NMSalvarPicoViewController.m; sourceTree = "<group>"; };
		9430128419C1126400AB8751 /* NMRutaPicoViewController.h */ = {isa = PBXFileReference; fileEncoding = 4; lastKnownFileType = sourcecode.c.h; path = NMRutaPicoViewController.h; sourceTree = "<group>"; };
		9430128519C1126400AB8751 /* NMRutaPicoViewController.m */ = {isa = PBXFileReference; fileEncoding = 4; lastKnownFileType = sourcecode.c.objc; path = NMRutaPicoViewController.m; sourceTree = "<group>"; };
		944711C619B503BF00836B7D /* NMCondicionPageContentViewController.h */ = {isa = PBXFileReference; fileEncoding = 4; lastKnownFileType = sourcecode.c.h; path = NMCondicionPageContentViewController.h; sourceTree = "<group>"; };
		944711C719B503BF00836B7D /* NMCondicionPageContentViewController.m */ = {isa = PBXFileReference; fileEncoding = 4; lastKnownFileType = sourcecode.c.objc; path = NMCondicionPageContentViewController.m; sourceTree = "<group>"; };
		944711C919B503F600836B7D /* NMCondicionPicoViewController.h */ = {isa = PBXFileReference; fileEncoding = 4; lastKnownFileType = sourcecode.c.h; path = NMCondicionPicoViewController.h; sourceTree = "<group>"; };
		944711CA19B503F600836B7D /* NMCondicionPicoViewController.m */ = {isa = PBXFileReference; fileEncoding = 4; lastKnownFileType = sourcecode.c.objc; path = NMCondicionPicoViewController.m; sourceTree = "<group>"; };
		944BCA7719B7E5540088D061 /* Pico.h */ = {isa = PBXFileReference; fileEncoding = 4; lastKnownFileType = sourcecode.c.h; name = Pico.h; path = ../Pico.h; sourceTree = "<group>"; };
		944BCA7819B7E5540088D061 /* Pico.m */ = {isa = PBXFileReference; fileEncoding = 4; lastKnownFileType = sourcecode.c.objc; name = Pico.m; path = ../Pico.m; sourceTree = "<group>"; };
		94507CFF19AF6F2400BB0944 /* MapKit.framework */ = {isa = PBXFileReference; lastKnownFileType = wrapper.framework; name = MapKit.framework; path = System/Library/Frameworks/MapKit.framework; sourceTree = SDKROOT; };
		945842F519AF87230034E2B5 /* CoreLocation.framework */ = {isa = PBXFileReference; lastKnownFileType = wrapper.framework; name = CoreLocation.framework; path = System/Library/Frameworks/CoreLocation.framework; sourceTree = SDKROOT; };
		9458433C19AF97620034E2B5 /* NMLocalizarPicoViewController.h */ = {isa = PBXFileReference; fileEncoding = 4; lastKnownFileType = sourcecode.c.h; path = NMLocalizarPicoViewController.h; sourceTree = "<group>"; };
		9458433D19AF97620034E2B5 /* NMLocalizarPicoViewController.m */ = {isa = PBXFileReference; fileEncoding = 4; lastKnownFileType = sourcecode.c.objc; path = NMLocalizarPicoViewController.m; sourceTree = "<group>"; };
		9465859A19BE5C460075E779 /* NMListaFechasPicoViewController.h */ = {isa = PBXFileReference; fileEncoding = 4; lastKnownFileType = sourcecode.c.h; path = NMListaFechasPicoViewController.h; sourceTree = "<group>"; };
		9465859B19BE5C460075E779 /* NMListaFechasPicoViewController.m */ = {isa = PBXFileReference; fileEncoding = 4; lastKnownFileType = sourcecode.c.objc; path = NMListaFechasPicoViewController.m; sourceTree = "<group>"; };
		9466873619B120800069FF18 /* beach.png */ = {isa = PBXFileReference; lastKnownFileType = image.png; path = beach.png; sourceTree = "<group>"; };
		9466873819B120F90069FF18 /* cardir.png */ = {isa = PBXFileReference; lastKnownFileType = image.png; path = cardir.png; sourceTree = "<group>"; };
		9466873A19B121610069FF18 /* icon_share_phone.png */ = {isa = PBXFileReference; lastKnownFileType = image.png; path = icon_share_phone.png; sourceTree = "<group>"; };
		948F92AA19BD2B84002D8527 /* WorldWeather.plist */ = {isa = PBXFileReference; fileEncoding = 4; lastKnownFileType = text.plist.xml; path = WorldWeather.plist; sourceTree = "<group>"; };
		949EDA5919AD506F00F4955B /* CharruaSurfReport.app */ = {isa = PBXFileReference; explicitFileType = wrapper.application; includeInIndex = 0; path = CharruaSurfReport.app; sourceTree = BUILT_PRODUCTS_DIR; };
		949EDA5C19AD506F00F4955B /* Foundation.framework */ = {isa = PBXFileReference; lastKnownFileType = wrapper.framework; name = Foundation.framework; path = System/Library/Frameworks/Foundation.framework; sourceTree = SDKROOT; };
		949EDA5E19AD506F00F4955B /* CoreGraphics.framework */ = {isa = PBXFileReference; lastKnownFileType = wrapper.framework; name = CoreGraphics.framework; path = System/Library/Frameworks/CoreGraphics.framework; sourceTree = SDKROOT; };
		949EDA6019AD506F00F4955B /* UIKit.framework */ = {isa = PBXFileReference; lastKnownFileType = wrapper.framework; name = UIKit.framework; path = System/Library/Frameworks/UIKit.framework; sourceTree = SDKROOT; };
		949EDA6219AD506F00F4955B /* CoreData.framework */ = {isa = PBXFileReference; lastKnownFileType = wrapper.framework; name = CoreData.framework; path = System/Library/Frameworks/CoreData.framework; sourceTree = SDKROOT; };
		949EDA6619AD506F00F4955B /* CharruaSurfReport-Info.plist */ = {isa = PBXFileReference; lastKnownFileType = text.plist.xml; path = "CharruaSurfReport-Info.plist"; sourceTree = "<group>"; };
		949EDA6819AD507000F4955B /* en */ = {isa = PBXFileReference; lastKnownFileType = text.plist.strings; name = en; path = en.lproj/InfoPlist.strings; sourceTree = "<group>"; };
		949EDA6A19AD507000F4955B /* main.m */ = {isa = PBXFileReference; lastKnownFileType = sourcecode.c.objc; path = main.m; sourceTree = "<group>"; };
		949EDA6C19AD507000F4955B /* CharruaSurfReport-Prefix.pch */ = {isa = PBXFileReference; lastKnownFileType = sourcecode.c.h; path = "CharruaSurfReport-Prefix.pch"; sourceTree = "<group>"; };
		949EDA6D19AD507000F4955B /* NMAppDelegate.h */ = {isa = PBXFileReference; lastKnownFileType = sourcecode.c.h; path = NMAppDelegate.h; sourceTree = "<group>"; };
		949EDA6E19AD507000F4955B /* NMAppDelegate.m */ = {isa = PBXFileReference; lastKnownFileType = sourcecode.c.objc; path = NMAppDelegate.m; sourceTree = "<group>"; };
		949EDA7119AD507000F4955B /* CharruaSurfReport.xcdatamodel */ = {isa = PBXFileReference; lastKnownFileType = wrapper.xcdatamodel; path = CharruaSurfReport.xcdatamodel; sourceTree = "<group>"; };
		949EDA7319AD507000F4955B /* Images.xcassets */ = {isa = PBXFileReference; lastKnownFileType = folder.assetcatalog; path = Images.xcassets; sourceTree = "<group>"; };
		949EDA7919AD507000F4955B /* CharruaSurfReportTests.xctest */ = {isa = PBXFileReference; explicitFileType = wrapper.cfbundle; includeInIndex = 0; path = CharruaSurfReportTests.xctest; sourceTree = BUILT_PRODUCTS_DIR; };
		949EDA7A19AD507000F4955B /* XCTest.framework */ = {isa = PBXFileReference; lastKnownFileType = wrapper.framework; name = XCTest.framework; path = Library/Frameworks/XCTest.framework; sourceTree = DEVELOPER_DIR; };
		949EDA8319AD507000F4955B /* CharruaSurfReportTests-Info.plist */ = {isa = PBXFileReference; lastKnownFileType = text.plist.xml; path = "CharruaSurfReportTests-Info.plist"; sourceTree = "<group>"; };
		949EDA8519AD507000F4955B /* en */ = {isa = PBXFileReference; lastKnownFileType = text.plist.strings; name = en; path = en.lproj/InfoPlist.strings; sourceTree = "<group>"; };
		949EDA8719AD507000F4955B /* CharruaSurfReportTests.m */ = {isa = PBXFileReference; lastKnownFileType = sourcecode.c.objc; path = CharruaSurfReportTests.m; sourceTree = "<group>"; };
		949EDA9119AD509C00F4955B /* Main.storyboard */ = {isa = PBXFileReference; fileEncoding = 4; lastKnownFileType = file.storyboard; path = Main.storyboard; sourceTree = "<group>"; };
		94B1265419C0EA44006A86F5 /* NMLocalizarListaPicosTableViewController.h */ = {isa = PBXFileReference; fileEncoding = 4; lastKnownFileType = sourcecode.c.h; path = NMLocalizarListaPicosTableViewController.h; sourceTree = "<group>"; };
		94B1265519C0EA44006A86F5 /* NMLocalizarListaPicosTableViewController.m */ = {isa = PBXFileReference; fileEncoding = 4; lastKnownFileType = sourcecode.c.objc; path = NMLocalizarListaPicosTableViewController.m; sourceTree = "<group>"; };
		94BBE95519C1D0D000145406 /* NMPasosRutaPicoTableViewController.h */ = {isa = PBXFileReference; fileEncoding = 4; lastKnownFileType = sourcecode.c.h; path = NMPasosRutaPicoTableViewController.h; sourceTree = "<group>"; };
		94BBE95619C1D0D000145406 /* NMPasosRutaPicoTableViewController.m */ = {isa = PBXFileReference; fileEncoding = 4; lastKnownFileType = sourcecode.c.objc; path = NMPasosRutaPicoTableViewController.m; sourceTree = "<group>"; };
		94C857BF19C1EED600DB3CC2 /* NMDetallePasoViewController.h */ = {isa = PBXFileReference; fileEncoding = 4; lastKnownFileType = sourcecode.c.h; path = NMDetallePasoViewController.h; sourceTree = "<group>"; };
		94C857C019C1EED600DB3CC2 /* NMDetallePasoViewController.m */ = {isa = PBXFileReference; fileEncoding = 4; lastKnownFileType = sourcecode.c.objc; path = NMDetallePasoViewController.m; sourceTree = "<group>"; };
		94DE699419AE7606008C2F41 /* NMPicosListaTableViewController.h */ = {isa = PBXFileReference; fileEncoding = 4; lastKnownFileType = sourcecode.c.h; path = NMPicosListaTableViewController.h; sourceTree = "<group>"; };
		94DE699519AE7606008C2F41 /* NMPicosListaTableViewController.m */ = {isa = PBXFileReference; fileEncoding = 4; lastKnownFileType = sourcecode.c.objc; path = NMPicosListaTableViewController.m; sourceTree = "<group>"; };
/* End PBXFileReference section */

/* Begin PBXFrameworksBuildPhase section */
		949EDA5619AD506F00F4955B /* Frameworks */ = {
			isa = PBXFrameworksBuildPhase;
			buildActionMask = 2147483647;
			files = (
				945842F619AF87230034E2B5 /* CoreLocation.framework in Frameworks */,
				94507D0019AF6F2400BB0944 /* MapKit.framework in Frameworks */,
				949EDA5F19AD506F00F4955B /* CoreGraphics.framework in Frameworks */,
				949EDA6319AD506F00F4955B /* CoreData.framework in Frameworks */,
				949EDA6119AD506F00F4955B /* UIKit.framework in Frameworks */,
				949EDA5D19AD506F00F4955B /* Foundation.framework in Frameworks */,
			);
			runOnlyForDeploymentPostprocessing = 0;
		};
		949EDA7619AD507000F4955B /* Frameworks */ = {
			isa = PBXFrameworksBuildPhase;
			buildActionMask = 2147483647;
			files = (
				949EDA7B19AD507000F4955B /* XCTest.framework in Frameworks */,
				949EDA7E19AD507000F4955B /* CoreData.framework in Frameworks */,
				949EDA7D19AD507000F4955B /* UIKit.framework in Frameworks */,
				949EDA7C19AD507000F4955B /* Foundation.framework in Frameworks */,
			);
			runOnlyForDeploymentPostprocessing = 0;
		};
/* End PBXFrameworksBuildPhase section */

/* Begin PBXGroup section */
		9406D78319B0D01800CD93DC /* imagenes */ = {
			isa = PBXGroup;
			children = (
				9466873A19B121610069FF18 /* icon_share_phone.png */,
				9466873819B120F90069FF18 /* cardir.png */,
				9466873619B120800069FF18 /* beach.png */,
				9406D78419B0D03000CD93DC /* diana.png */,
			);
			name = imagenes;
			sourceTree = "<group>";
		};
		948AF5DA19AD6655003DAF76 /* Picos */ = {
			isa = PBXGroup;
			children = (
				944BCA7719B7E5540088D061 /* Pico.h */,
				944BCA7819B7E5540088D061 /* Pico.m */,
				94DE699419AE7606008C2F41 /* NMPicosListaTableViewController.h */,
				94DE699519AE7606008C2F41 /* NMPicosListaTableViewController.m */,
				9458433C19AF97620034E2B5 /* NMLocalizarPicoViewController.h */,
				9458433D19AF97620034E2B5 /* NMLocalizarPicoViewController.m */,
				9406D78619B0F41900CD93DC /* NMSalvarPicoViewController.h */,
				9406D78719B0F41900CD93DC /* NMSalvarPicoViewController.m */,
				9465859A19BE5C460075E779 /* NMListaFechasPicoViewController.h */,
				9465859B19BE5C460075E779 /* NMListaFechasPicoViewController.m */,
				944711C919B503F600836B7D /* NMCondicionPicoViewController.h */,
				944711CA19B503F600836B7D /* NMCondicionPicoViewController.m */,
				944711C619B503BF00836B7D /* NMCondicionPageContentViewController.h */,
				944711C719B503BF00836B7D /* NMCondicionPageContentViewController.m */,
			);
			name = Picos;
			sourceTree = "<group>";
		};
		948AF5DB19AD665C003DAF76 /* Localizar */ = {
			isa = PBXGroup;
			children = (
				94B1265419C0EA44006A86F5 /* NMLocalizarListaPicosTableViewController.h */,
				94B1265519C0EA44006A86F5 /* NMLocalizarListaPicosTableViewController.m */,
				9430128419C1126400AB8751 /* NMRutaPicoViewController.h */,
				9430128519C1126400AB8751 /* NMRutaPicoViewController.m */,
				94BBE95519C1D0D000145406 /* NMPasosRutaPicoTableViewController.h */,
				94BBE95619C1D0D000145406 /* NMPasosRutaPicoTableViewController.m */,
				94C857BF19C1EED600DB3CC2 /* NMDetallePasoViewController.h */,
				94C857C019C1EED600DB3CC2 /* NMDetallePasoViewController.m */,
			);
			name = Localizar;
			sourceTree = "<group>";
		};
		948AF5DD19AD666C003DAF76 /* Notificacion */ = {
			isa = PBXGroup;
			children = (
			);
			name = Notificacion;
			sourceTree = "<group>";
		};
		949EDA5019AD506F00F4955B = {
			isa = PBXGroup;
			children = (
				949EDA6419AD506F00F4955B /* CharruaSurfReport */,
				949EDA8119AD507000F4955B /* CharruaSurfReportTests */,
				949EDA5B19AD506F00F4955B /* Frameworks */,
				949EDA5A19AD506F00F4955B /* Products */,
			);
			sourceTree = "<group>";
		};
		949EDA5A19AD506F00F4955B /* Products */ = {
			isa = PBXGroup;
			children = (
				949EDA5919AD506F00F4955B /* CharruaSurfReport.app */,
				949EDA7919AD507000F4955B /* CharruaSurfReportTests.xctest */,
			);
			name = Products;
			sourceTree = "<group>";
		};
		949EDA5B19AD506F00F4955B /* Frameworks */ = {
			isa = PBXGroup;
			children = (
				945842F519AF87230034E2B5 /* CoreLocation.framework */,
				94507CFF19AF6F2400BB0944 /* MapKit.framework */,
				949EDA5C19AD506F00F4955B /* Foundation.framework */,
				949EDA5E19AD506F00F4955B /* CoreGraphics.framework */,
				949EDA6019AD506F00F4955B /* UIKit.framework */,
				949EDA6219AD506F00F4955B /* CoreData.framework */,
				949EDA7A19AD507000F4955B /* XCTest.framework */,
			);
			name = Frameworks;
			sourceTree = "<group>";
		};
		949EDA6419AD506F00F4955B /* CharruaSurfReport */ = {
			isa = PBXGroup;
			children = (
				949EDA6D19AD507000F4955B /* NMAppDelegate.h */,
				949EDA6E19AD507000F4955B /* NMAppDelegate.m */,
				949EDA9119AD509C00F4955B /* Main.storyboard */,
				949EDA7019AD507000F4955B /* CharruaSurfReport.xcdatamodeld */,
				948AF5DA19AD6655003DAF76 /* Picos */,
				948AF5DB19AD665C003DAF76 /* Localizar */,
				948AF5DD19AD666C003DAF76 /* Notificacion */,
				949EDA7319AD507000F4955B /* Images.xcassets */,
				949EDA6519AD506F00F4955B /* Supporting Files */,
			);
			path = CharruaSurfReport;
			sourceTree = "<group>";
		};
		949EDA6519AD506F00F4955B /* Supporting Files */ = {
			isa = PBXGroup;
			children = (
				949EDA6619AD506F00F4955B /* CharruaSurfReport-Info.plist */,
				948F92AA19BD2B84002D8527 /* WorldWeather.plist */,
				9406D78319B0D01800CD93DC /* imagenes */,
				949EDA6719AD507000F4955B /* InfoPlist.strings */,
				949EDA6A19AD507000F4955B /* main.m */,
				949EDA6C19AD507000F4955B /* CharruaSurfReport-Prefix.pch */,
			);
			name = "Supporting Files";
			sourceTree = "<group>";
		};
		949EDA8119AD507000F4955B /* CharruaSurfReportTests */ = {
			isa = PBXGroup;
			children = (
				949EDA8719AD507000F4955B /* CharruaSurfReportTests.m */,
				949EDA8219AD507000F4955B /* Supporting Files */,
			);
			path = CharruaSurfReportTests;
			sourceTree = "<group>";
		};
		949EDA8219AD507000F4955B /* Supporting Files */ = {
			isa = PBXGroup;
			children = (
				949EDA8319AD507000F4955B /* CharruaSurfReportTests-Info.plist */,
				949EDA8419AD507000F4955B /* InfoPlist.strings */,
			);
			name = "Supporting Files";
			sourceTree = "<group>";
		};
/* End PBXGroup section */

/* Begin PBXNativeTarget section */
		949EDA5819AD506F00F4955B /* CharruaSurfReport */ = {
			isa = PBXNativeTarget;
			buildConfigurationList = 949EDA8B19AD507000F4955B /* Build configuration list for PBXNativeTarget "CharruaSurfReport" */;
			buildPhases = (
				949EDA5519AD506F00F4955B /* Sources */,
				949EDA5619AD506F00F4955B /* Frameworks */,
				949EDA5719AD506F00F4955B /* Resources */,
			);
			buildRules = (
			);
			dependencies = (
			);
			name = CharruaSurfReport;
			productName = CharruaSurfReport;
			productReference = 949EDA5919AD506F00F4955B /* CharruaSurfReport.app */;
			productType = "com.apple.product-type.application";
		};
		949EDA7819AD507000F4955B /* CharruaSurfReportTests */ = {
			isa = PBXNativeTarget;
			buildConfigurationList = 949EDA8E19AD507000F4955B /* Build configuration list for PBXNativeTarget "CharruaSurfReportTests" */;
			buildPhases = (
				949EDA7519AD507000F4955B /* Sources */,
				949EDA7619AD507000F4955B /* Frameworks */,
				949EDA7719AD507000F4955B /* Resources */,
			);
			buildRules = (
			);
			dependencies = (
				949EDA8019AD507000F4955B /* PBXTargetDependency */,
			);
			name = CharruaSurfReportTests;
			productName = CharruaSurfReportTests;
			productReference = 949EDA7919AD507000F4955B /* CharruaSurfReportTests.xctest */;
			productType = "com.apple.product-type.bundle.unit-test";
		};
/* End PBXNativeTarget section */

/* Begin PBXProject section */
		949EDA5119AD506F00F4955B /* Project object */ = {
			isa = PBXProject;
			attributes = {
				CLASSPREFIX = NM;
				LastUpgradeCheck = 0510;
				ORGANIZATIONNAME = NMDevelopment;
				TargetAttributes = {
					949EDA5819AD506F00F4955B = {
						DevelopmentTeam = 2K56FRBG68;
					};
					949EDA7819AD507000F4955B = {
						TestTargetID = 949EDA5819AD506F00F4955B;
					};
				};
			};
			buildConfigurationList = 949EDA5419AD506F00F4955B /* Build configuration list for PBXProject "CharruaSurfReport" */;
			compatibilityVersion = "Xcode 3.2";
			developmentRegion = English;
			hasScannedForEncodings = 0;
			knownRegions = (
				en,
			);
			mainGroup = 949EDA5019AD506F00F4955B;
			productRefGroup = 949EDA5A19AD506F00F4955B /* Products */;
			projectDirPath = "";
			projectRoot = "";
			targets = (
				949EDA5819AD506F00F4955B /* CharruaSurfReport */,
				949EDA7819AD507000F4955B /* CharruaSurfReportTests */,
			);
		};
/* End PBXProject section */

/* Begin PBXResourcesBuildPhase section */
		949EDA5719AD506F00F4955B /* Resources */ = {
			isa = PBXResourcesBuildPhase;
			buildActionMask = 2147483647;
			files = (
				949EDA9219AD509C00F4955B /* Main.storyboard in Resources */,
				9466873719B120800069FF18 /* beach.png in Resources */,
				9466873B19B121610069FF18 /* icon_share_phone.png in Resources */,
				9406D78519B0D03000CD93DC /* diana.png in Resources */,
				948F92AB19BD2B84002D8527 /* WorldWeather.plist in Resources */,
				949EDA6919AD507000F4955B /* InfoPlist.strings in Resources */,
				9466873919B120F90069FF18 /* cardir.png in Resources */,
				949EDA7419AD507000F4955B /* Images.xcassets in Resources */,
			);
			runOnlyForDeploymentPostprocessing = 0;
		};
		949EDA7719AD507000F4955B /* Resources */ = {
			isa = PBXResourcesBuildPhase;
			buildActionMask = 2147483647;
			files = (
				949EDA8619AD507000F4955B /* InfoPlist.strings in Resources */,
			);
			runOnlyForDeploymentPostprocessing = 0;
		};
/* End PBXResourcesBuildPhase section */

/* Begin PBXSourcesBuildPhase section */
		949EDA5519AD506F00F4955B /* Sources */ = {
			isa = PBXSourcesBuildPhase;
			buildActionMask = 2147483647;
			files = (
				944711CB19B503F600836B7D /* NMCondicionPicoViewController.m in Sources */,
				944711C819B503BF00836B7D /* NMCondicionPageContentViewController.m in Sources */,
				949EDA6B19AD507000F4955B /* main.m in Sources */,
				94BBE95719C1D0D000145406 /* NMPasosRutaPicoTableViewController.m in Sources */,
				949EDA6F19AD507000F4955B /* NMAppDelegate.m in Sources */,
				949EDA7219AD507000F4955B /* CharruaSurfReport.xcdatamodeld in Sources */,
				9406D78819B0F41900CD93DC /* NMSalvarPicoViewController.m in Sources */,
				94B1265619C0EA44006A86F5 /* NMLocalizarListaPicosTableViewController.m in Sources */,
				9458433E19AF97620034E2B5 /* NMLocalizarPicoViewController.m in Sources */,
				94DE699619AE7606008C2F41 /* NMPicosListaTableViewController.m in Sources */,
				94C857C119C1EED600DB3CC2 /* NMDetallePasoViewController.m in Sources */,
				9465859C19BE5C460075E779 /* NMListaFechasPicoViewController.m in Sources */,
				9430128619C1126400AB8751 /* NMRutaPicoViewController.m in Sources */,
				944BCA7919B7E5540088D061 /* Pico.m in Sources */,
			);
			runOnlyForDeploymentPostprocessing = 0;
		};
		949EDA7519AD507000F4955B /* Sources */ = {
			isa = PBXSourcesBuildPhase;
			buildActionMask = 2147483647;
			files = (
				949EDA8819AD507000F4955B /* CharruaSurfReportTests.m in Sources */,
			);
			runOnlyForDeploymentPostprocessing = 0;
		};
/* End PBXSourcesBuildPhase section */

/* Begin PBXTargetDependency section */
		949EDA8019AD507000F4955B /* PBXTargetDependency */ = {
			isa = PBXTargetDependency;
			target = 949EDA5819AD506F00F4955B /* CharruaSurfReport */;
			targetProxy = 949EDA7F19AD507000F4955B /* PBXContainerItemProxy */;
		};
/* End PBXTargetDependency section */

/* Begin PBXVariantGroup section */
		949EDA6719AD507000F4955B /* InfoPlist.strings */ = {
			isa = PBXVariantGroup;
			children = (
				949EDA6819AD507000F4955B /* en */,
			);
			name = InfoPlist.strings;
			sourceTree = "<group>";
		};
		949EDA8419AD507000F4955B /* InfoPlist.strings */ = {
			isa = PBXVariantGroup;
			children = (
				949EDA8519AD507000F4955B /* en */,
			);
			name = InfoPlist.strings;
			sourceTree = "<group>";
		};
/* End PBXVariantGroup section */

/* Begin XCBuildConfiguration section */
		949EDA8919AD507000F4955B /* Debug */ = {
			isa = XCBuildConfiguration;
			buildSettings = {
				ALWAYS_SEARCH_USER_PATHS = NO;
				CLANG_CXX_LANGUAGE_STANDARD = "gnu++0x";
				CLANG_CXX_LIBRARY = "libc++";
				CLANG_ENABLE_MODULES = YES;
				CLANG_ENABLE_OBJC_ARC = YES;
				CLANG_WARN_BOOL_CONVERSION = YES;
				CLANG_WARN_CONSTANT_CONVERSION = YES;
				CLANG_WARN_DIRECT_OBJC_ISA_USAGE = YES_ERROR;
				CLANG_WARN_EMPTY_BODY = YES;
				CLANG_WARN_ENUM_CONVERSION = YES;
				CLANG_WARN_INT_CONVERSION = YES;
				CLANG_WARN_OBJC_ROOT_CLASS = YES_ERROR;
				CLANG_WARN__DUPLICATE_METHOD_MATCH = YES;
				"CODE_SIGN_IDENTITY[sdk=iphoneos*]" = "iPhone Developer";
				COPY_PHASE_STRIP = NO;
				GCC_C_LANGUAGE_STANDARD = gnu99;
				GCC_DYNAMIC_NO_PIC = NO;
				GCC_OPTIMIZATION_LEVEL = 0;
				GCC_PREPROCESSOR_DEFINITIONS = (
					"DEBUG=1",
					"$(inherited)",
				);
				GCC_SYMBOLS_PRIVATE_EXTERN = NO;
				GCC_WARN_64_TO_32_BIT_CONVERSION = YES;
				GCC_WARN_ABOUT_RETURN_TYPE = YES_ERROR;
				GCC_WARN_UNDECLARED_SELECTOR = YES;
				GCC_WARN_UNINITIALIZED_AUTOS = YES_AGGRESSIVE;
				GCC_WARN_UNUSED_FUNCTION = YES;
				GCC_WARN_UNUSED_VARIABLE = YES;
				IPHONEOS_DEPLOYMENT_TARGET = 7.1;
				ONLY_ACTIVE_ARCH = YES;
				SDKROOT = iphoneos;
			};
			name = Debug;
		};
		949EDA8A19AD507000F4955B /* Release */ = {
			isa = XCBuildConfiguration;
			buildSettings = {
				ALWAYS_SEARCH_USER_PATHS = NO;
				CLANG_CXX_LANGUAGE_STANDARD = "gnu++0x";
				CLANG_CXX_LIBRARY = "libc++";
				CLANG_ENABLE_MODULES = YES;
				CLANG_ENABLE_OBJC_ARC = YES;
				CLANG_WARN_BOOL_CONVERSION = YES;
				CLANG_WARN_CONSTANT_CONVERSION = YES;
				CLANG_WARN_DIRECT_OBJC_ISA_USAGE = YES_ERROR;
				CLANG_WARN_EMPTY_BODY = YES;
				CLANG_WARN_ENUM_CONVERSION = YES;
				CLANG_WARN_INT_CONVERSION = YES;
				CLANG_WARN_OBJC_ROOT_CLASS = YES_ERROR;
				CLANG_WARN__DUPLICATE_METHOD_MATCH = YES;
				"CODE_SIGN_IDENTITY[sdk=iphoneos*]" = "iPhone Developer";
				COPY_PHASE_STRIP = YES;
				ENABLE_NS_ASSERTIONS = NO;
				GCC_C_LANGUAGE_STANDARD = gnu99;
				GCC_WARN_64_TO_32_BIT_CONVERSION = YES;
				GCC_WARN_ABOUT_RETURN_TYPE = YES_ERROR;
				GCC_WARN_UNDECLARED_SELECTOR = YES;
				GCC_WARN_UNINITIALIZED_AUTOS = YES_AGGRESSIVE;
				GCC_WARN_UNUSED_FUNCTION = YES;
				GCC_WARN_UNUSED_VARIABLE = YES;
				IPHONEOS_DEPLOYMENT_TARGET = 7.1;
				SDKROOT = iphoneos;
				VALIDATE_PRODUCT = YES;
			};
			name = Release;
		};
		949EDA8C19AD507000F4955B /* Debug */ = {
			isa = XCBuildConfiguration;
			buildSettings = {
				ASSETCATALOG_COMPILER_APPICON_NAME = AppIcon;
				ASSETCATALOG_COMPILER_LAUNCHIMAGE_NAME = LaunchImage;
				CODE_SIGN_IDENTITY = "iPhone Developer";
				GCC_PRECOMPILE_PREFIX_HEADER = YES;
				GCC_PREFIX_HEADER = "CharruaSurfReport/CharruaSurfReport-Prefix.pch";
				INFOPLIST_FILE = "CharruaSurfReport/CharruaSurfReport-Info.plist";
				IPHONEOS_DEPLOYMENT_TARGET = 8.0;
				PRODUCT_NAME = "$(TARGET_NAME)";
				WRAPPER_EXTENSION = app;
			};
			name = Debug;
		};
		949EDA8D19AD507000F4955B /* Release */ = {
			isa = XCBuildConfiguration;
			buildSettings = {
				ASSETCATALOG_COMPILER_APPICON_NAME = AppIcon;
				ASSETCATALOG_COMPILER_LAUNCHIMAGE_NAME = LaunchImage;
				CODE_SIGN_IDENTITY = "iPhone Developer";
				GCC_PRECOMPILE_PREFIX_HEADER = YES;
				GCC_PREFIX_HEADER = "CharruaSurfReport/CharruaSurfReport-Prefix.pch";
				INFOPLIST_FILE = "CharruaSurfReport/CharruaSurfReport-Info.plist";
				IPHONEOS_DEPLOYMENT_TARGET = 8.0;
				PRODUCT_NAME = "$(TARGET_NAME)";
				WRAPPER_EXTENSION = app;
			};
			name = Release;
		};
		949EDA8F19AD507000F4955B /* Debug */ = {
			isa = XCBuildConfiguration;
			buildSettings = {
				BUNDLE_LOADER = "$(BUILT_PRODUCTS_DIR)/CharruaSurfReport.app/CharruaSurfReport";
				FRAMEWORK_SEARCH_PATHS = (
					"$(SDKROOT)/Developer/Library/Frameworks",
					"$(inherited)",
					"$(DEVELOPER_FRAMEWORKS_DIR)",
				);
				GCC_PRECOMPILE_PREFIX_HEADER = YES;
				GCC_PREFIX_HEADER = "CharruaSurfReport/CharruaSurfReport-Prefix.pch";
				GCC_PREPROCESSOR_DEFINITIONS = (
					"DEBUG=1",
					"$(inherited)",
				);
				INFOPLIST_FILE = "CharruaSurfReportTests/CharruaSurfReportTests-Info.plist";
				PRODUCT_NAME = "$(TARGET_NAME)";
				TEST_HOST = "$(BUNDLE_LOADER)";
				WRAPPER_EXTENSION = xctest;
			};
			name = Debug;
		};
		949EDA9019AD507000F4955B /* Release */ = {
			isa = XCBuildConfiguration;
			buildSettings = {
				BUNDLE_LOADER = "$(BUILT_PRODUCTS_DIR)/CharruaSurfReport.app/CharruaSurfReport";
				FRAMEWORK_SEARCH_PATHS = (
					"$(SDKROOT)/Developer/Library/Frameworks",
					"$(inherited)",
					"$(DEVELOPER_FRAMEWORKS_DIR)",
				);
				GCC_PRECOMPILE_PREFIX_HEADER = YES;
				GCC_PREFIX_HEADER = "CharruaSurfReport/CharruaSurfReport-Prefix.pch";
				INFOPLIST_FILE = "CharruaSurfReportTests/CharruaSurfReportTests-Info.plist";
				PRODUCT_NAME = "$(TARGET_NAME)";
				TEST_HOST = "$(BUNDLE_LOADER)";
				WRAPPER_EXTENSION = xctest;
			};
			name = Release;
		};
/* End XCBuildConfiguration section */

/* Begin XCConfigurationList section */
		949EDA5419AD506F00F4955B /* Build configuration list for PBXProject "CharruaSurfReport" */ = {
			isa = XCConfigurationList;
			buildConfigurations = (
				949EDA8919AD507000F4955B /* Debug */,
				949EDA8A19AD507000F4955B /* Release */,
			);
			defaultConfigurationIsVisible = 0;
			defaultConfigurationName = Release;
		};
		949EDA8B19AD507000F4955B /* Build configuration list for PBXNativeTarget "CharruaSurfReport" */ = {
			isa = XCConfigurationList;
			buildConfigurations = (
				949EDA8C19AD507000F4955B /* Debug */,
				949EDA8D19AD507000F4955B /* Release */,
			);
			defaultConfigurationIsVisible = 0;
			defaultConfigurationName = Release;
		};
		949EDA8E19AD507000F4955B /* Build configuration list for PBXNativeTarget "CharruaSurfReportTests" */ = {
			isa = XCConfigurationList;
			buildConfigurations = (
				949EDA8F19AD507000F4955B /* Debug */,
				949EDA9019AD507000F4955B /* Release */,
			);
			defaultConfigurationIsVisible = 0;
			defaultConfigurationName = Release;
		};
/* End XCConfigurationList section */

/* Begin XCVersionGroup section */
		949EDA7019AD507000F4955B /* CharruaSurfReport.xcdatamodeld */ = {
			isa = XCVersionGroup;
			children = (
				949EDA7119AD507000F4955B /* CharruaSurfReport.xcdatamodel */,
			);
			currentVersion = 949EDA7119AD507000F4955B /* CharruaSurfReport.xcdatamodel */;
			path = CharruaSurfReport.xcdatamodeld;
			sourceTree = "<group>";
			versionGroupType = wrapper.xcdatamodel;
		};
/* End XCVersionGroup section */
	};
	rootObject = 949EDA5119AD506F00F4955B /* Project object */;
}
